
Microsoft Visual Studio Solution File, Format Version 12.00
# Visual Studio Version 17
VisualStudioVersion = 17.14.36429.23 d17.14
MinimumVisualStudioVersion = 10.0.40219.1
Project("{FAE04EC0-301F-11D3-BF4B-00C04F79EFBC}") = "Hime.Harmony", "Hime.Harmony\Hime.Harmony.csproj", "{8F470E54-4295-4964-9CC4-03F73A28ADA2}"
EndProject
Global
	GlobalSection(SolutionConfigurationPlatforms) = preSolution
		Debug|Any CPU = Debug|Any CPU
		Release|Any CPU = Release|Any CPU
	EndGlobalSection
	GlobalSection(ProjectConfigurationPlatforms) = postSolution
		{8F470E54-4295-4964-9CC4-03F73A28ADA2}.Debug|Any CPU.ActiveCfg = Debug|Any CPU
		{8F470E54-4295-4964-9CC4-03F73A28ADA2}.Debug|Any CPU.Build.0 = Debug|Any CPU
		{8F470E54-4295-4964-9CC4-03F73A28ADA2}.Release|Any CPU.ActiveCfg = Release|Any CPU
		{8F470E54-4295-4964-9CC4-03F73A28ADA2}.Release|Any CPU.Build.0 = Release|Any CPU
	EndGlobalSection
	GlobalSection(SolutionProperties) = preSolution
		HideSolutionNode = FALSE
	EndGlobalSection
	GlobalSection(ExtensibilityGlobals) = postSolution
		SolutionGuid = {BF5468FB-333F-4857-A8EB-9382A61308F0}
	EndGlobalSection
EndGlobal
